// !$*UTF8*$!
{
	archiveVersion = 1;
	classes = {
	};
	objectVersion = 48;
	objects = {

/* Begin PBXBuildFile section */
		8F6F39921FB6311C00D9B4AA /* SwiftWindView.podspec in Resources */ = {isa = PBXBuildFile; fileRef = 8F6F39911FB6311C00D9B4AA /* SwiftWindView.podspec */; };
		8F7A1B921FB4C2EF00FB8C42 /* AppDelegate.swift in Sources */ = {isa = PBXBuildFile; fileRef = 8F7A1B911FB4C2EF00FB8C42 /* AppDelegate.swift */; };
		8F7A1B941FB4C2EF00FB8C42 /* ViewController.swift in Sources */ = {isa = PBXBuildFile; fileRef = 8F7A1B931FB4C2EF00FB8C42 /* ViewController.swift */; };
		8F7A1B991FB4C2EF00FB8C42 /* Assets.xcassets in Resources */ = {isa = PBXBuildFile; fileRef = 8F7A1B981FB4C2EF00FB8C42 /* Assets.xcassets */; };
		8F7A1BA71FB4C2EF00FB8C42 /* SwiftWindViewUITests.swift in Sources */ = {isa = PBXBuildFile; fileRef = 8F7A1BA61FB4C2EF00FB8C42 /* SwiftWindViewUITests.swift */; };
		8F7A1BB21FB4C33200FB8C42 /* SwiftWindView.swift in Sources */ = {isa = PBXBuildFile; fileRef = 8F7A1BB11FB4C33200FB8C42 /* SwiftWindView.swift */; };
/* End PBXBuildFile section */

/* Begin PBXContainerItemProxy section */
		8F7A1BA31FB4C2EF00FB8C42 /* PBXContainerItemProxy */ = {
			isa = PBXContainerItemProxy;
			containerPortal = 8F7A1B861FB4C2EF00FB8C42 /* Project object */;
			proxyType = 1;
			remoteGlobalIDString = 8F7A1B8D1FB4C2EF00FB8C42;
			remoteInfo = SwiftWindView;
		};
/* End PBXContainerItemProxy section */

/* Begin PBXFileReference section */
		8F6F39911FB6311C00D9B4AA /* SwiftWindView.podspec */ = {isa = PBXFileReference; fileEncoding = 4; lastKnownFileType = text; path = SwiftWindView.podspec; sourceTree = SOURCE_ROOT; };
		8F7A1B8E1FB4C2EF00FB8C42 /* SwiftWindView.app */ = {isa = PBXFileReference; explicitFileType = wrapper.application; includeInIndex = 0; path = SwiftWindView.app; sourceTree = BUILT_PRODUCTS_DIR; };
		8F7A1B911FB4C2EF00FB8C42 /* AppDelegate.swift */ = {isa = PBXFileReference; lastKnownFileType = sourcecode.swift; path = AppDelegate.swift; sourceTree = "<group>"; };
		8F7A1B931FB4C2EF00FB8C42 /* ViewController.swift */ = {isa = PBXFileReference; lastKnownFileType = sourcecode.swift; path = ViewController.swift; sourceTree = "<group>"; };
		8F7A1B981FB4C2EF00FB8C42 /* Assets.xcassets */ = {isa = PBXFileReference; lastKnownFileType = folder.assetcatalog; path = Assets.xcassets; sourceTree = "<group>"; };
		8F7A1B9D1FB4C2EF00FB8C42 /* Info.plist */ = {isa = PBXFileReference; lastKnownFileType = text.plist.xml; path = Info.plist; sourceTree = "<group>"; };
		8F7A1BA21FB4C2EF00FB8C42 /* SwiftWindViewUITests.xctest */ = {isa = PBXFileReference; explicitFileType = wrapper.cfbundle; includeInIndex = 0; path = SwiftWindViewUITests.xctest; sourceTree = BUILT_PRODUCTS_DIR; };
		8F7A1BA61FB4C2EF00FB8C42 /* SwiftWindViewUITests.swift */ = {isa = PBXFileReference; lastKnownFileType = sourcecode.swift; path = SwiftWindViewUITests.swift; sourceTree = "<group>"; };
		8F7A1BA81FB4C2EF00FB8C42 /* Info.plist */ = {isa = PBXFileReference; lastKnownFileType = text.plist.xml; path = Info.plist; sourceTree = "<group>"; };
		8F7A1BB11FB4C33200FB8C42 /* SwiftWindView.swift */ = {isa = PBXFileReference; lastKnownFileType = sourcecode.swift; path = SwiftWindView.swift; sourceTree = "<group>"; };
/* End PBXFileReference section */

/* Begin PBXFrameworksBuildPhase section */
		8F7A1B8B1FB4C2EF00FB8C42 /* Frameworks */ = {
			isa = PBXFrameworksBuildPhase;
			buildActionMask = 2147483647;
			files = (
			);
			runOnlyForDeploymentPostprocessing = 0;
		};
		8F7A1B9F1FB4C2EF00FB8C42 /* Frameworks */ = {
			isa = PBXFrameworksBuildPhase;
			buildActionMask = 2147483647;
			files = (
			);
			runOnlyForDeploymentPostprocessing = 0;
		};
/* End PBXFrameworksBuildPhase section */

/* Begin PBXGroup section */
		8F7A1B851FB4C2EF00FB8C42 = {
			isa = PBXGroup;
			children = (
				8F7A1B901FB4C2EF00FB8C42 /* SwiftWindView */,
				8F7A1BA51FB4C2EF00FB8C42 /* SwiftWindViewUITests */,
				8F7A1B8F1FB4C2EF00FB8C42 /* Products */,
			);
			sourceTree = "<group>";
		};
		8F7A1B8F1FB4C2EF00FB8C42 /* Products */ = {
			isa = PBXGroup;
			children = (
				8F7A1B8E1FB4C2EF00FB8C42 /* SwiftWindView.app */,
				8F7A1BA21FB4C2EF00FB8C42 /* SwiftWindViewUITests.xctest */,
			);
			name = Products;
			sourceTree = "<group>";
		};
		8F7A1B901FB4C2EF00FB8C42 /* SwiftWindView */ = {
			isa = PBXGroup;
			children = (
				8F6F39911FB6311C00D9B4AA /* SwiftWindView.podspec */,
				8F7A1B911FB4C2EF00FB8C42 /* AppDelegate.swift */,
				8F7A1B931FB4C2EF00FB8C42 /* ViewController.swift */,
				8F7A1B981FB4C2EF00FB8C42 /* Assets.xcassets */,
				8F7A1B9D1FB4C2EF00FB8C42 /* Info.plist */,
				8F7A1BB11FB4C33200FB8C42 /* SwiftWindView.swift */,
			);
			path = SwiftWindView;
			sourceTree = "<group>";
		};
		8F7A1BA51FB4C2EF00FB8C42 /* SwiftWindViewUITests */ = {
			isa = PBXGroup;
			children = (
				8F7A1BA61FB4C2EF00FB8C42 /* SwiftWindViewUITests.swift */,
				8F7A1BA81FB4C2EF00FB8C42 /* Info.plist */,
			);
			path = SwiftWindViewUITests;
			sourceTree = "<group>";
		};
/* End PBXGroup section */

/* Begin PBXNativeTarget section */
		8F7A1B8D1FB4C2EF00FB8C42 /* SwiftWindView */ = {
			isa = PBXNativeTarget;
			buildConfigurationList = 8F7A1BAB1FB4C2EF00FB8C42 /* Build configuration list for PBXNativeTarget "SwiftWindView" */;
			buildPhases = (
				8F7A1B8A1FB4C2EF00FB8C42 /* Sources */,
				8F7A1B8B1FB4C2EF00FB8C42 /* Frameworks */,
				8F7A1B8C1FB4C2EF00FB8C42 /* Resources */,
			);
			buildRules = (
			);
			dependencies = (
			);
			name = SwiftWindView;
			productName = SwiftWindView;
			productReference = 8F7A1B8E1FB4C2EF00FB8C42 /* SwiftWindView.app */;
			productType = "com.apple.product-type.application";
		};
		8F7A1BA11FB4C2EF00FB8C42 /* SwiftWindViewUITests */ = {
			isa = PBXNativeTarget;
			buildConfigurationList = 8F7A1BAE1FB4C2EF00FB8C42 /* Build configuration list for PBXNativeTarget "SwiftWindViewUITests" */;
			buildPhases = (
				8F7A1B9E1FB4C2EF00FB8C42 /* Sources */,
				8F7A1B9F1FB4C2EF00FB8C42 /* Frameworks */,
				8F7A1BA01FB4C2EF00FB8C42 /* Resources */,
			);
			buildRules = (
			);
			dependencies = (
				8F7A1BA41FB4C2EF00FB8C42 /* PBXTargetDependency */,
			);
			name = SwiftWindViewUITests;
			productName = SwiftWindViewUITests;
			productReference = 8F7A1BA21FB4C2EF00FB8C42 /* SwiftWindViewUITests.xctest */;
			productType = "com.apple.product-type.bundle.ui-testing";
		};
/* End PBXNativeTarget section */

/* Begin PBXProject section */
		8F7A1B861FB4C2EF00FB8C42 /* Project object */ = {
			isa = PBXProject;
			attributes = {
				LastSwiftUpdateCheck = 0910;
				LastUpgradeCheck = 0910;
				ORGANIZATIONNAME = "Matthias von Bargen";
				TargetAttributes = {
					8F7A1B8D1FB4C2EF00FB8C42 = {
						CreatedOnToolsVersion = 9.1;
						ProvisioningStyle = Automatic;
					};
					8F7A1BA11FB4C2EF00FB8C42 = {
						CreatedOnToolsVersion = 9.1;
						ProvisioningStyle = Automatic;
						TestTargetID = 8F7A1B8D1FB4C2EF00FB8C42;
					};
				};
			};
			buildConfigurationList = 8F7A1B891FB4C2EF00FB8C42 /* Build configuration list for PBXProject "SwiftWindView" */;
			compatibilityVersion = "Xcode 8.0";
			developmentRegion = en;
			hasScannedForEncodings = 0;
			knownRegions = (
				en,
				Base,
			);
			mainGroup = 8F7A1B851FB4C2EF00FB8C42;
			productRefGroup = 8F7A1B8F1FB4C2EF00FB8C42 /* Products */;
			projectDirPath = "";
			projectRoot = "";
			targets = (
				8F7A1B8D1FB4C2EF00FB8C42 /* SwiftWindView */,
				8F7A1BA11FB4C2EF00FB8C42 /* SwiftWindViewUITests */,
			);
		};
/* End PBXProject section */

/* Begin PBXResourcesBuildPhase section */
		8F7A1B8C1FB4C2EF00FB8C42 /* Resources */ = {
			isa = PBXResourcesBuildPhase;
			buildActionMask = 2147483647;
			files = (
				8F7A1B991FB4C2EF00FB8C42 /* Assets.xcassets in Resources */,
				8F6F39921FB6311C00D9B4AA /* SwiftWindView.podspec in Resources */,
			);
			runOnlyForDeploymentPostprocessing = 0;
		};
		8F7A1BA01FB4C2EF00FB8C42 /* Resources */ = {
			isa = PBXResourcesBuildPhase;
			buildActionMask = 2147483647;
			files = (
			);
			runOnlyForDeploymentPostprocessing = 0;
		};
/* End PBXResourcesBuildPhase section */

/* Begin PBXSourcesBuildPhase section */
		8F7A1B8A1FB4C2EF00FB8C42 /* Sources */ = {
			isa = PBXSourcesBuildPhase;
			buildActionMask = 2147483647;
			files = (
				8F7A1BB21FB4C33200FB8C42 /* SwiftWindView.swift in Sources */,
				8F7A1B941FB4C2EF00FB8C42 /* ViewController.swift in Sources */,
				8F7A1B921FB4C2EF00FB8C42 /* AppDelegate.swift in Sources */,
			);
			runOnlyForDeploymentPostprocessing = 0;
		};
		8F7A1B9E1FB4C2EF00FB8C42 /* Sources */ = {
			isa = PBXSourcesBuildPhase;
			buildActionMask = 2147483647;
			files = (
				8F7A1BA71FB4C2EF00FB8C42 /* SwiftWindViewUITests.swift in Sources */,
			);
			runOnlyForDeploymentPostprocessing = 0;
		};
/* End PBXSourcesBuildPhase section */

/* Begin PBXTargetDependency section */
		8F7A1BA41FB4C2EF00FB8C42 /* PBXTargetDependency */ = {
			isa = PBXTargetDependency;
			target = 8F7A1B8D1FB4C2EF00FB8C42 /* SwiftWindView */;
			targetProxy = 8F7A1BA31FB4C2EF00FB8C42 /* PBXContainerItemProxy */;
		};
/* End PBXTargetDependency section */

/* Begin XCBuildConfiguration section */
		8F7A1BA91FB4C2EF00FB8C42 /* Debug */ = {
			isa = XCBuildConfiguration;
			buildSettings = {
				ALWAYS_SEARCH_USER_PATHS = NO;
				CLANG_ANALYZER_NONNULL = YES;
				CLANG_ANALYZER_NUMBER_OBJECT_CONVERSION = YES_AGGRESSIVE;
				CLANG_CXX_LANGUAGE_STANDARD = "gnu++14";
				CLANG_CXX_LIBRARY = "libc++";
				CLANG_ENABLE_MODULES = YES;
				CLANG_ENABLE_OBJC_ARC = YES;
				CLANG_WARN_BLOCK_CAPTURE_AUTORELEASING = YES;
				CLANG_WARN_BOOL_CONVERSION = YES;
				CLANG_WARN_COMMA = YES;
				CLANG_WARN_CONSTANT_CONVERSION = YES;
				CLANG_WARN_DIRECT_OBJC_ISA_USAGE = YES_ERROR;
				CLANG_WARN_DOCUMENTATION_COMMENTS = YES;
				CLANG_WARN_EMPTY_BODY = YES;
				CLANG_WARN_ENUM_CONVERSION = YES;
				CLANG_WARN_INFINITE_RECURSION = YES;
				CLANG_WARN_INT_CONVERSION = YES;
				CLANG_WARN_NON_LITERAL_NULL_CONVERSION = YES;
				CLANG_WARN_OBJC_LITERAL_CONVERSION = YES;
				CLANG_WARN_OBJC_ROOT_CLASS = YES_ERROR;
				CLANG_WARN_RANGE_LOOP_ANALYSIS = YES;
				CLANG_WARN_STRICT_PROTOTYPES = YES;
				CLANG_WARN_SUSPICIOUS_MOVE = YES;
				CLANG_WARN_UNGUARDED_AVAILABILITY = YES_AGGRESSIVE;
				CLANG_WARN_UNREACHABLE_CODE = YES;
				CLANG_WARN__DUPLICATE_METHOD_MATCH = YES;
				CODE_SIGN_IDENTITY = "iPhone Developer";
				COPY_PHASE_STRIP = NO;
				DEBUG_INFORMATION_FORMAT = dwarf;
				ENABLE_STRICT_OBJC_MSGSEND = YES;
				ENABLE_TESTABILITY = YES;
				GCC_C_LANGUAGE_STANDARD = gnu11;
				GCC_DYNAMIC_NO_PIC = NO;
				GCC_NO_COMMON_BLOCKS = YES;
				GCC_OPTIMIZATION_LEVEL = 0;
				GCC_PREPROCESSOR_DEFINITIONS = (
					"DEBUG=1",
					"$(inherited)",
				);
				GCC_WARN_64_TO_32_BIT_CONVERSION = YES;
				GCC_WARN_ABOUT_RETURN_TYPE = YES_ERROR;
				GCC_WARN_UNDECLARED_SELECTOR = YES;
				GCC_WARN_UNINITIALIZED_AUTOS = YES_AGGRESSIVE;
				GCC_WARN_UNUSED_FUNCTION = YES;
				GCC_WARN_UNUSED_VARIABLE = YES;
				IPHONEOS_DEPLOYMENT_TARGET = 11.1;
				MTL_ENABLE_DEBUG_INFO = YES;
				ONLY_ACTIVE_ARCH = YES;
				SDKROOT = iphoneos;
				SWIFT_ACTIVE_COMPILATION_CONDITIONS = DEBUG;
				SWIFT_OPTIMIZATION_LEVEL = "-Onone";
			};
			name = Debug;
		};
		8F7A1BAA1FB4C2EF00FB8C42 /* Release */ = {
			isa = XCBuildConfiguration;
			buildSettings = {
				ALWAYS_SEARCH_USER_PATHS = NO;
				CLANG_ANALYZER_NONNULL = YES;
				CLANG_ANALYZER_NUMBER_OBJECT_CONVERSION = YES_AGGRESSIVE;
				CLANG_CXX_LANGUAGE_STANDARD = "gnu++14";
				CLANG_CXX_LIBRARY = "libc++";
				CLANG_ENABLE_MODULES = YES;
				CLANG_ENABLE_OBJC_ARC = YES;
				CLANG_WARN_BLOCK_CAPTURE_AUTORELEASING = YES;
				CLANG_WARN_BOOL_CONVERSION = YES;
				CLANG_WARN_COMMA = YES;
				CLANG_WARN_CONSTANT_CONVERSION = YES;
				CLANG_WARN_DIRECT_OBJC_ISA_USAGE = YES_ERROR;
				CLANG_WARN_DOCUMENTATION_COMMENTS = YES;
				CLANG_WARN_EMPTY_BODY = YES;
				CLANG_WARN_ENUM_CONVERSION = YES;
				CLANG_WARN_INFINITE_RECURSION = YES;
				CLANG_WARN_INT_CONVERSION = YES;
				CLANG_WARN_NON_LITERAL_NULL_CONVERSION = YES;
				CLANG_WARN_OBJC_LITERAL_CONVERSION = YES;
				CLANG_WARN_OBJC_ROOT_CLASS = YES_ERROR;
				CLANG_WARN_RANGE_LOOP_ANALYSIS = YES;
				CLANG_WARN_STRICT_PROTOTYPES = YES;
				CLANG_WARN_SUSPICIOUS_MOVE = YES;
				CLANG_WARN_UNGUARDED_AVAILABILITY = YES_AGGRESSIVE;
				CLANG_WARN_UNREACHABLE_CODE = YES;
				CLANG_WARN__DUPLICATE_METHOD_MATCH = YES;
				CODE_SIGN_IDENTITY = "iPhone Developer";
				COPY_PHASE_STRIP = NO;
				DEBUG_INFORMATION_FORMAT = "dwarf-with-dsym";
				ENABLE_NS_ASSERTIONS = NO;
				ENABLE_STRICT_OBJC_MSGSEND = YES;
				GCC_C_LANGUAGE_STANDARD = gnu11;
				GCC_NO_COMMON_BLOCKS = YES;
				GCC_WARN_64_TO_32_BIT_CONVERSION = YES;
				GCC_WARN_ABOUT_RETURN_TYPE = YES_ERROR;
				GCC_WARN_UNDECLARED_SELECTOR = YES;
				GCC_WARN_UNINITIALIZED_AUTOS = YES_AGGRESSIVE;
				GCC_WARN_UNUSED_FUNCTION = YES;
				GCC_WARN_UNUSED_VARIABLE = YES;
				IPHONEOS_DEPLOYMENT_TARGET = 11.1;
				MTL_ENABLE_DEBUG_INFO = NO;
				SDKROOT = iphoneos;
				SWIFT_OPTIMIZATION_LEVEL = "-Owholemodule";
				VALIDATE_PRODUCT = YES;
			};
			name = Release;
		};
		8F7A1BAC1FB4C2EF00FB8C42 /* Debug */ = {
			isa = XCBuildConfiguration;
			buildSettings = {
				ASSETCATALOG_COMPILER_APPICON_NAME = AppIcon;
				CODE_SIGN_STYLE = Automatic;
				INFOPLIST_FILE = SwiftWindView/Info.plist;
				LD_RUNPATH_SEARCH_PATHS = "$(inherited) @executable_path/Frameworks";
				PRODUCT_BUNDLE_IDENTIFIER = mavonie.SwiftWindView;
				PRODUCT_NAME = "$(TARGET_NAME)";
				SWIFT_VERSION = 4.0;
				TARGETED_DEVICE_FAMILY = "1,2";
			};
			name = Debug;
		};
		8F7A1BAD1FB4C2EF00FB8C42 /* Release */ = {
			isa = XCBuildConfiguration;
			buildSettings = {
				ASSETCATALOG_COMPILER_APPICON_NAME = AppIcon;
				CODE_SIGN_STYLE = Automatic;
				INFOPLIST_FILE = SwiftWindView/Info.plist;
				LD_RUNPATH_SEARCH_PATHS = "$(inherited) @executable_path/Frameworks";
				PRODUCT_BUNDLE_IDENTIFIER = mavonie.SwiftWindView;
				PRODUCT_NAME = "$(TARGET_NAME)";
				SWIFT_VERSION = 4.0;
				TARGETED_DEVICE_FAMILY = "1,2";
			};
			name = Release;
		};
		8F7A1BAF1FB4C2EF00FB8C42 /* Debug */ = {
			isa = XCBuildConfiguration;
			buildSettings = {
				ALWAYS_EMBED_SWIFT_STANDARD_LIBRARIES = YES;
				CODE_SIGN_STYLE = Automatic;
				INFOPLIST_FILE = SwiftWindViewUITests/Info.plist;
				LD_RUNPATH_SEARCH_PATHS = "$(inherited) @executable_path/Frameworks @loader_path/Frameworks";
				PRODUCT_BUNDLE_IDENTIFIER = mavonie.SwiftWindViewUITests;
				PRODUCT_NAME = "$(TARGET_NAME)";
				SWIFT_VERSION = 4.0;
				TARGETED_DEVICE_FAMILY = "1,2";
				TEST_TARGET_NAME = SwiftWindView;
			};
			name = Debug;
		};
		8F7A1BB01FB4C2EF00FB8C42 /* Release */ = {
			isa = XCBuildConfiguration;
			buildSettings = {
				ALWAYS_EMBED_SWIFT_STANDARD_LIBRARIES = YES;
				CODE_SIGN_STYLE = Automatic;
				INFOPLIST_FILE = SwiftWindViewUITests/Info.plist;
				LD_RUNPATH_SEARCH_PATHS = "$(inherited) @executable_path/Frameworks @loader_path/Frameworks";
				PRODUCT_BUNDLE_IDENTIFIER = mavonie.SwiftWindViewUITests;
				PRODUCT_NAME = "$(TARGET_NAME)";
				SWIFT_VERSION = 4.0;
				TARGETED_DEVICE_FAMILY = "1,2";
				TEST_TARGET_NAME = SwiftWindView;
			};
			name = Release;
		};
/* End XCBuildConfiguration section */

/* Begin XCConfigurationList section */
		8F7A1B891FB4C2EF00FB8C42 /* Build configuration list for PBXProject "SwiftWindView" */ = {
			isa = XCConfigurationList;
			buildConfigurations = (
				8F7A1BA91FB4C2EF00FB8C42 /* Debug */,
				8F7A1BAA1FB4C2EF00FB8C42 /* Release */,
			);
			defaultConfigurationIsVisible = 0;
			defaultConfigurationName = Release;
		};
		8F7A1BAB1FB4C2EF00FB8C42 /* Build configuration list for PBXNativeTarget "SwiftWindView" */ = {
			isa = XCConfigurationList;
			buildConfigurations = (
				8F7A1BAC1FB4C2EF00FB8C42 /* Debug */,
				8F7A1BAD1FB4C2EF00FB8C42 /* Release */,
			);
			defaultConfigurationIsVisible = 0;
			defaultConfigurationName = Release;
		};
		8F7A1BAE1FB4C2EF00FB8C42 /* Build configuration list for PBXNativeTarget "SwiftWindViewUITests" */ = {
			isa = XCConfigurationList;
			buildConfigurations = (
				8F7A1BAF1FB4C2EF00FB8C42 /* Debug */,
				8F7A1BB01FB4C2EF00FB8C42 /* Release */,
			);
			defaultConfigurationIsVisible = 0;
			defaultConfigurationName = Release;
		};
/* End XCConfigurationList section */
	};
	rootObject = 8F7A1B861FB4C2EF00FB8C42 /* Project object */;
}
